
Microsoft Visual Studio Solution File, Format Version 12.00
# Visual Studio Version 17
VisualStudioVersion = 17.5.33516.290
MinimumVisualStudioVersion = 10.0.40219.1
Project("{FAE04EC0-301F-11D3-BF4B-00C04F79EFBC}") = "GpsStation", "GpsStation\GpsStation.csproj", "{43F2FCD2-4831-4426-90E5-56F6F112F0EF}"
EndProject
Global
	GlobalSection(SolutionConfigurationPlatforms) = preSolution
		Debug|Any CPU = Debug|Any CPU
		Release|Any CPU = Release|Any CPU
	EndGlobalSection
	GlobalSection(ProjectConfigurationPlatforms) = postSolution
		{43F2FCD2-4831-4426-90E5-56F6F112F0EF}.Debug|Any CPU.ActiveCfg = Debug|Any CPU
		{43F2FCD2-4831-4426-90E5-56F6F112F0EF}.Debug|Any CPU.Build.0 = Debug|Any CPU
		{43F2FCD2-4831-4426-90E5-56F6F112F0EF}.Release|Any CPU.ActiveCfg = Release|Any CPU
		{43F2FCD2-4831-4426-90E5-56F6F112F0EF}.Release|Any CPU.Build.0 = Release|Any CPU
	EndGlobalSection
	GlobalSection(SolutionProperties) = preSolution
		HideSolutionNode = FALSE
	EndGlobalSection
	GlobalSection(ExtensibilityGlobals) = postSolution
		SolutionGuid = {0A5A992A-6267-4EAD-ADF8-051C741D8914}
	EndGlobalSection
EndGlobal
