
Microsoft Visual Studio Solution File, Format Version 12.00
# Visual Studio Version 17
VisualStudioVersion = 17.5.33516.290
MinimumVisualStudioVersion = 10.0.40219.1
Project("{FAE04EC0-301F-11D3-BF4B-00C04F79EFBC}") = "GpsStation", "GpsStation.csproj", "{7D2E06EE-E2BD-4880-A218-5AEDE88BC966}"
EndProject
Global
	GlobalSection(SolutionConfigurationPlatforms) = preSolution
		Debug|Any CPU = Debug|Any CPU
		Release|Any CPU = Release|Any CPU
	EndGlobalSection
	GlobalSection(ProjectConfigurationPlatforms) = postSolution
		{7D2E06EE-E2BD-4880-A218-5AEDE88BC966}.Debug|Any CPU.ActiveCfg = Debug|Any CPU
		{7D2E06EE-E2BD-4880-A218-5AEDE88BC966}.Debug|Any CPU.Build.0 = Debug|Any CPU
		{7D2E06EE-E2BD-4880-A218-5AEDE88BC966}.Release|Any CPU.ActiveCfg = Release|Any CPU
		{7D2E06EE-E2BD-4880-A218-5AEDE88BC966}.Release|Any CPU.Build.0 = Release|Any CPU
	EndGlobalSection
	GlobalSection(SolutionProperties) = preSolution
		HideSolutionNode = FALSE
	EndGlobalSection
	GlobalSection(ExtensibilityGlobals) = postSolution
		SolutionGuid = {D1BDCCEC-9762-449A-9D7E-D90E72D32C53}
	EndGlobalSection
EndGlobal
